# NOTICE: This lockfile contains some overrides from shard.override.yml
version: 2.0
shards:
  authentic:
    git: https://github.com/luckyframework/authentic.git
    version: 1.0.2

  avram:
    git: https://github.com/luckyframework/avram.git
    version: 1.5.0

  backtracer:
    git: https://github.com/sija/backtracer.cr.git
    version: 1.2.4

  baked_file_system: # Overridden
    git: https://github.com/schovi/baked_file_system.git
    version: 0.14.1

  baked_file_system_mounter:
    git: https://github.com/crystal-china/baked_file_system_mounter.git
    version: 0.7.0

  base58:
    git: https://github.com/crystal-china/base58.cr.git
    version: 0.1.0+git.commit.0e2c44d16a8098b00d8bf0b74add8bb9ea2f1c5f

  bindata:
    git: https://github.com/spider-gazelle/bindata.git
    version: 3.2.1

  cache:
    git: https://github.com/crystal-cache/cache.git
    version: 1.1.0

  cadmium_transliterator:
    git: https://github.com/cadmiumcr/transliterator.git
    version: 0.1.0+git.commit.0dcedb98cbac7dd5827f204a0714b62f25c6515a

  captcha:
    git: https://github.com/crystal-china/captcha.git
    version: 0.4.0

  carbon:
    git: https://github.com/luckyframework/carbon.git
    version: 0.6.1

  carbon_smtp_adapter:
    git: https://github.com/luckyframework/carbon_smtp_adapter.git
    version: 0.5.0

  crimage:
    git: https://github.com/naqvis/crimage.git
    version: 1.0.5+git.commit.7d3244a3850646e3d398cef071f7c3e3f52c7518

  cron_parser:
    git: https://github.com/kostya/cron_parser.git
    version: 0.4.0

  cron_scheduler:
    git: https://github.com/kostya/cron_scheduler.git
    version: 0.4.0

  cry:
    git: https://github.com/luckyframework/cry.git
    version: 0.4.3

  crystar:
    git: https://github.com/naqvis/crystar.git
    version: 0.3.1

  db:
    git: https://github.com/crystal-lang/crystal-db.git
    version: 0.13.1

  dexter:
    git: https://github.com/luckyframework/dexter.git
    version: 0.3.4

  docopt:
    git: https://github.com/ralsina/docopt.cr.git
    version: 0.3.1

  ed25519:
    git: https://github.com/spider-gazelle/ed25519.git
    version: 1.1.0

  email:
    git: https://github.com/arcage/crystal-email.git
    version: 0.7.1

  exception_page:
    git: https://github.com/crystal-loot/exception_page.git
    version: 0.5.0

  habitat:
    git: https://github.com/luckyframework/habitat.git
    version: 0.4.9

  html5:
    git: https://github.com/naqvis/crystal-html5.git
    version: 0.4.0

  jwt:
    git: https://github.com/crystal-community/jwt.git
    version: 1.7.2

  lucky:
    git: https://github.com/luckyframework/lucky.git
    version: 1.5.0

  lucky_cache:
    git: https://github.com/luckyframework/lucky_cache.git
    version: 0.2.0

  lucky_env:
    git: https://github.com/luckyframework/lucky_env.git
    version: 0.3.0

  lucky_flow:
    git: https://github.com/luckyframework/lucky_flow.git
    version: 0.7.3+git.commit.abd6e4991c74b9355d9b116911b063833c7c40cd

  lucky_router:
    git: https://github.com/luckyframework/lucky_router.git
    version: 0.6.1

  lucky_task:
    git: https://github.com/luckyframework/lucky_task.git
    version: 0.3.0

  lucky_template:
    git: https://github.com/luckyframework/lucky_template.git
    version: 0.2.0

  markd:
    git: https://github.com/icyleaf/markd.git
    version: 0.6.0

  multi_auth:
    git: https://github.com/msa7/multi_auth.git
    version: 1.1.1

  openssl_ext:
    git: https://github.com/spider-gazelle/openssl_ext.git
    version: 2.8.5

  pg:
    git: https://github.com/will/crystal-pg.git
    version: 0.29.0

  pulsar:
    git: https://github.com/luckyframework/pulsar.git
    version: 0.2.3

  rosetta:
    git: https://github.com/wout/rosetta.git
    version: 1.0.1

  sanitize:
    git: https://github.com/straight-shoota/sanitize.git
    version: 0.1.0+git.commit.c17d933fed22c6d3d615cca91a895166414389af

  selenium:
    git: https://github.com/matthewmcgarvey/selenium.cr.git
    version: 0.9.1

  shell-table:
    git: https://github.com/luckyframework/shell-table.cr.git
    version: 0.9.3

  sixteen:
    git: https://github.com/ralsina/sixteen.git
    version: 0.9.0

  splay_tree_map:
    git: https://github.com/wyhaines/splay_tree_map.cr.git
    version: 0.4.0

  tartrazine:
    git: https://github.com/ralsina/tartrazine.git
    version: 0.21.3

  teeplate:
    git: https://github.com/luckyframework/teeplate.git
    version: 0.8.5

  time_in_words:
    git: https://github.com/crystal-china/time_in_words.git
    version: 0.1.0+git.commit.f81d1d1105c5a1e61aee9a2295340767c3a4d093

  timecop:
    git: https://github.com/crystal-community/timecop.cr.git
    version: 0.6.0

  webdrivers:
    git: https://github.com/matthewmcgarvey/webdrivers.cr.git
    version: 0.4.5

  webless:
    git: https://github.com/matthewmcgarvey/webless.git
    version: 0.1.0

  wordsmith:
    git: https://github.com/luckyframework/wordsmith.git
    version: 0.5.0

  xpath2:
    git: https://github.com/naqvis/crystal-xpath2.git
    version: 0.2.0

